
Microsoft Visual Studio Solution File, Format Version 12.00
# Visual Studio Version 16
VisualStudioVersion = 16.0.29123.88
MinimumVisualStudioVersion = 10.0.40219.1
Project("{8BC9CEB8-8B4A-11D0-8D11-00A0C91BC942}") = "Iterators_Template", "Iterators_Template\Iterators_Template.vcxproj", "{A75A0FAB-6B2C-482A-91CD-42549E14BA8C}"
EndProject
Global
	GlobalSection(SolutionConfigurationPlatforms) = preSolution
		Debug|x64 = Debug|x64
		Debug|x86 = Debug|x86
		Release|x64 = Release|x64
		Release|x86 = Release|x86
	EndGlobalSection
	GlobalSection(ProjectConfigurationPlatforms) = postSolution
		{A75A0FAB-6B2C-482A-91CD-42549E14BA8C}.Debug|x64.ActiveCfg = Debug|x64
		{A75A0FAB-6B2C-482A-91CD-42549E14BA8C}.Debug|x64.Build.0 = Debug|x64
		{A75A0FAB-6B2C-482A-91CD-42549E14BA8C}.Debug|x86.ActiveCfg = Debug|Win32
		{A75A0FAB-6B2C-482A-91CD-42549E14BA8C}.Debug|x86.Build.0 = Debug|Win32
		{A75A0FAB-6B2C-482A-91CD-42549E14BA8C}.Release|x64.ActiveCfg = Release|x64
		{A75A0FAB-6B2C-482A-91CD-42549E14BA8C}.Release|x64.Build.0 = Release|x64
		{A75A0FAB-6B2C-482A-91CD-42549E14BA8C}.Release|x86.ActiveCfg = Release|Win32
		{A75A0FAB-6B2C-482A-91CD-42549E14BA8C}.Release|x86.Build.0 = Release|Win32
	EndGlobalSection
	GlobalSection(SolutionProperties) = preSolution
		HideSolutionNode = FALSE
	EndGlobalSection
	GlobalSection(ExtensibilityGlobals) = postSolution
		SolutionGuid = {821DCE9A-92D2-4E55-BBDF-81627EFA800D}
	EndGlobalSection
EndGlobal
